
Microsoft Visual Studio Solution File, Format Version 12.00
# Visual Studio Version 17
VisualStudioVersion = 17.11.35312.102
MinimumVisualStudioVersion = 10.0.40219.1
Project("{8BC9CEB8-8B4A-11D0-8D11-00A0C91BC942}") = "Server", "Server.vcxproj", "{DB57D79A-10DA-4415-9369-1A51BCAD4307}"
EndProject
Project("{8BC9CEB8-8B4A-11D0-8D11-00A0C91BC942}") = "ServerTests", "..\ServerTests\ServerTests.vcxproj", "{229A4F16-DEEB-4E1E-962A-9BF1BBB35B9F}"
EndProject
Global
	GlobalSection(SolutionConfigurationPlatforms) = preSolution
		Debug|x64 = Debug|x64
		Debug|x86 = Debug|x86
		Release|x64 = Release|x64
		Release|x86 = Release|x86
	EndGlobalSection
	GlobalSection(ProjectConfigurationPlatforms) = postSolution
		{DB57D79A-10DA-4415-9369-1A51BCAD4307}.Debug|x64.ActiveCfg = Debug|x64
		{DB57D79A-10DA-4415-9369-1A51BCAD4307}.Debug|x64.Build.0 = Debug|x64
		{DB57D79A-10DA-4415-9369-1A51BCAD4307}.Debug|x86.ActiveCfg = Debug|Win32
		{DB57D79A-10DA-4415-9369-1A51BCAD4307}.Debug|x86.Build.0 = Debug|Win32
		{DB57D79A-10DA-4415-9369-1A51BCAD4307}.Release|x64.ActiveCfg = Release|x64
		{DB57D79A-10DA-4415-9369-1A51BCAD4307}.Release|x64.Build.0 = Release|x64
		{DB57D79A-10DA-4415-9369-1A51BCAD4307}.Release|x86.ActiveCfg = Release|Win32
		{DB57D79A-10DA-4415-9369-1A51BCAD4307}.Release|x86.Build.0 = Release|Win32
		{229A4F16-DEEB-4E1E-962A-9BF1BBB35B9F}.Debug|x64.ActiveCfg = Debug|x64
		{229A4F16-DEEB-4E1E-962A-9BF1BBB35B9F}.Debug|x64.Build.0 = Debug|x64
		{229A4F16-DEEB-4E1E-962A-9BF1BBB35B9F}.Debug|x86.ActiveCfg = Debug|Win32
		{229A4F16-DEEB-4E1E-962A-9BF1BBB35B9F}.Debug|x86.Build.0 = Debug|Win32
		{229A4F16-DEEB-4E1E-962A-9BF1BBB35B9F}.Release|x64.ActiveCfg = Release|x64
		{229A4F16-DEEB-4E1E-962A-9BF1BBB35B9F}.Release|x64.Build.0 = Release|x64
		{229A4F16-DEEB-4E1E-962A-9BF1BBB35B9F}.Release|x86.ActiveCfg = Release|Win32
		{229A4F16-DEEB-4E1E-962A-9BF1BBB35B9F}.Release|x86.Build.0 = Release|Win32
	EndGlobalSection
	GlobalSection(SolutionProperties) = preSolution
		HideSolutionNode = FALSE
	EndGlobalSection
	GlobalSection(ExtensibilityGlobals) = postSolution
		SolutionGuid = {D7385FC5-BA22-4E17-B7F1-CA1C5DB72DF1}
	EndGlobalSection
EndGlobal
